
Microsoft Visual Studio Solution File, Format Version 12.00
Project("{FAE04EC0-301F-11D3-BF4B-00C04F79EFBC}") = "apbd-task7-ef-code-first", "apbd-task7-ef-code-first\apbd-task7-ef-code-first.csproj", "{60E6BE54-C4AC-4B42-99B9-2FA1451B100D}"
EndProject
Global
	GlobalSection(SolutionConfigurationPlatforms) = preSolution
		Debug|Any CPU = Debug|Any CPU
		Release|Any CPU = Release|Any CPU
	EndGlobalSection
	GlobalSection(ProjectConfigurationPlatforms) = postSolution
		{60E6BE54-C4AC-4B42-99B9-2FA1451B100D}.Debug|Any CPU.ActiveCfg = Debug|Any CPU
		{60E6BE54-C4AC-4B42-99B9-2FA1451B100D}.Debug|Any CPU.Build.0 = Debug|Any CPU
		{60E6BE54-C4AC-4B42-99B9-2FA1451B100D}.Release|Any CPU.ActiveCfg = Release|Any CPU
		{60E6BE54-C4AC-4B42-99B9-2FA1451B100D}.Release|Any CPU.Build.0 = Release|Any CPU
	EndGlobalSection
EndGlobal
